
Microsoft Visual Studio Solution File, Format Version 12.00
# Visual Studio 15
VisualStudioVersion = 15.0.28307.329
MinimumVisualStudioVersion = 10.0.40219.1
Project("{FAE04EC0-301F-11D3-BF4B-00C04F79EFBC}") = "Group_5_ Assigment_3", "Group_5_ Assigment_3\Group_5_ Assigment_3.csproj", "{06117014-34CE-4CB7-964B-724468AD1621}"
EndProject
Global
	GlobalSection(SolutionConfigurationPlatforms) = preSolution
		Debug|Any CPU = Debug|Any CPU
		Release|Any CPU = Release|Any CPU
	EndGlobalSection
	GlobalSection(ProjectConfigurationPlatforms) = postSolution
		{06117014-34CE-4CB7-964B-724468AD1621}.Debug|Any CPU.ActiveCfg = Debug|Any CPU
		{06117014-34CE-4CB7-964B-724468AD1621}.Debug|Any CPU.Build.0 = Debug|Any CPU
		{06117014-34CE-4CB7-964B-724468AD1621}.Release|Any CPU.ActiveCfg = Release|Any CPU
		{06117014-34CE-4CB7-964B-724468AD1621}.Release|Any CPU.Build.0 = Release|Any CPU
	EndGlobalSection
	GlobalSection(SolutionProperties) = preSolution
		HideSolutionNode = FALSE
	EndGlobalSection
	GlobalSection(ExtensibilityGlobals) = postSolution
		SolutionGuid = {EC13CB1B-21F2-4D80-B314-A551F3C2671C}
	EndGlobalSection
EndGlobal
